
Microsoft Visual Studio Solution File, Format Version 12.00
Project("{FAE04EC0-301F-11D3-BF4B-00C04F79EFBC}") = "RedisBloom.Extensions", "RedisBloom.Extensions\RedisBloom.Extensions.csproj", "{A85AB993-771E-4DE1-BCB5-BDBEB988D2F0}"
EndProject
Project("{FAE04EC0-301F-11D3-BF4B-00C04F79EFBC}") = "BloomFilter.ConsoleHost", "BloomFilter.ConsoleHost\BloomFilter.ConsoleHost.csproj", "{640CA59B-6153-44DD-AE0B-04FC38A504C3}"
EndProject
Global
	GlobalSection(SolutionConfigurationPlatforms) = preSolution
		Debug|Any CPU = Debug|Any CPU
		Release|Any CPU = Release|Any CPU
	EndGlobalSection
	GlobalSection(ProjectConfigurationPlatforms) = postSolution
		{A85AB993-771E-4DE1-BCB5-BDBEB988D2F0}.Debug|Any CPU.ActiveCfg = Debug|Any CPU
		{A85AB993-771E-4DE1-BCB5-BDBEB988D2F0}.Debug|Any CPU.Build.0 = Debug|Any CPU
		{A85AB993-771E-4DE1-BCB5-BDBEB988D2F0}.Release|Any CPU.ActiveCfg = Release|Any CPU
		{A85AB993-771E-4DE1-BCB5-BDBEB988D2F0}.Release|Any CPU.Build.0 = Release|Any CPU
		{640CA59B-6153-44DD-AE0B-04FC38A504C3}.Debug|Any CPU.ActiveCfg = Debug|Any CPU
		{640CA59B-6153-44DD-AE0B-04FC38A504C3}.Debug|Any CPU.Build.0 = Debug|Any CPU
		{640CA59B-6153-44DD-AE0B-04FC38A504C3}.Release|Any CPU.ActiveCfg = Release|Any CPU
		{640CA59B-6153-44DD-AE0B-04FC38A504C3}.Release|Any CPU.Build.0 = Release|Any CPU
	EndGlobalSection
EndGlobal
